
Microsoft Visual Studio Solution File, Format Version 12.00
# Visual Studio Version 16
VisualStudioVersion = 16.0.29709.97
MinimumVisualStudioVersion = 10.0.40219.1
Project("{FAE04EC0-301F-11D3-BF4B-00C04F79EFBC}") = "Mappers", "Mappers\Mappers.csproj", "{EEF2E61D-EB48-48A7-9FB9-3A04745BB703}"
EndProject
Global
	GlobalSection(SolutionConfigurationPlatforms) = preSolution
		Debug|Any CPU = Debug|Any CPU
		Release|Any CPU = Release|Any CPU
	EndGlobalSection
	GlobalSection(ProjectConfigurationPlatforms) = postSolution
		{EEF2E61D-EB48-48A7-9FB9-3A04745BB703}.Debug|Any CPU.ActiveCfg = Debug|Any CPU
		{EEF2E61D-EB48-48A7-9FB9-3A04745BB703}.Debug|Any CPU.Build.0 = Debug|Any CPU
		{EEF2E61D-EB48-48A7-9FB9-3A04745BB703}.Release|Any CPU.ActiveCfg = Release|Any CPU
		{EEF2E61D-EB48-48A7-9FB9-3A04745BB703}.Release|Any CPU.Build.0 = Release|Any CPU
	EndGlobalSection
	GlobalSection(SolutionProperties) = preSolution
		HideSolutionNode = FALSE
	EndGlobalSection
	GlobalSection(ExtensibilityGlobals) = postSolution
		SolutionGuid = {CBA502ED-44B6-485E-A68D-FCA00B2F65E7}
	EndGlobalSection
EndGlobal
