
Microsoft Visual Studio Solution File, Format Version 12.00
# Visual Studio Version 16
VisualStudioVersion = 16.0.29519.181
MinimumVisualStudioVersion = 10.0.40219.1
Project("{FAE04EC0-301F-11D3-BF4B-00C04F79EFBC}") = "Mappers", "Mappers.csproj", "{C8B11D82-7929-44E3-82DB-7CAF52298979}"
EndProject
Global
	GlobalSection(SolutionConfigurationPlatforms) = preSolution
		Debug|Any CPU = Debug|Any CPU
		Release|Any CPU = Release|Any CPU
	EndGlobalSection
	GlobalSection(ProjectConfigurationPlatforms) = postSolution
		{C8B11D82-7929-44E3-82DB-7CAF52298979}.Debug|Any CPU.ActiveCfg = Debug|Any CPU
		{C8B11D82-7929-44E3-82DB-7CAF52298979}.Debug|Any CPU.Build.0 = Debug|Any CPU
		{C8B11D82-7929-44E3-82DB-7CAF52298979}.Release|Any CPU.ActiveCfg = Release|Any CPU
		{C8B11D82-7929-44E3-82DB-7CAF52298979}.Release|Any CPU.Build.0 = Release|Any CPU
	EndGlobalSection
	GlobalSection(SolutionProperties) = preSolution
		HideSolutionNode = FALSE
	EndGlobalSection
	GlobalSection(ExtensibilityGlobals) = postSolution
		SolutionGuid = {D9D7F3A5-B397-4638-BE21-671F74CB38A8}
	EndGlobalSection
EndGlobal
